
Microsoft Visual Studio Solution File, Format Version 12.00
# Visual Studio Version 16
VisualStudioVersion = 16.0.29102.190
MinimumVisualStudioVersion = 10.0.40219.1
Project("{FAE04EC0-301F-11D3-BF4B-00C04F79EFBC}") = "BugTracker", "BugTracker\BugTracker.csproj", "{880A7A96-FEFF-47A0-84BC-F2469EADF609}"
EndProject
Global
	GlobalSection(SolutionConfigurationPlatforms) = preSolution
		Debug|Any CPU = Debug|Any CPU
		Release|Any CPU = Release|Any CPU
	EndGlobalSection
	GlobalSection(ProjectConfigurationPlatforms) = postSolution
		{880A7A96-FEFF-47A0-84BC-F2469EADF609}.Debug|Any CPU.ActiveCfg = Debug|Any CPU
		{880A7A96-FEFF-47A0-84BC-F2469EADF609}.Debug|Any CPU.Build.0 = Debug|Any CPU
		{880A7A96-FEFF-47A0-84BC-F2469EADF609}.Release|Any CPU.ActiveCfg = Release|Any CPU
		{880A7A96-FEFF-47A0-84BC-F2469EADF609}.Release|Any CPU.Build.0 = Release|Any CPU
	EndGlobalSection
	GlobalSection(SolutionProperties) = preSolution
		HideSolutionNode = FALSE
	EndGlobalSection
	GlobalSection(ExtensibilityGlobals) = postSolution
		SolutionGuid = {E660E297-B98B-459D-B791-117E5E89975E}
	EndGlobalSection
EndGlobal
